
Microsoft Visual Studio Solution File, Format Version 12.00
# Visual Studio 15
VisualStudioVersion = 15.0.28307.421
MinimumVisualStudioVersion = 10.0.40219.1
Project("{FAE04EC0-301F-11D3-BF4B-00C04F79EFBC}") = "Heroes.Api", "Heroes.Api\Heroes.Api.csproj", "{A41054DB-26B1-4081-87DC-5386C2CF70F9}"
EndProject
Global
	GlobalSection(SolutionConfigurationPlatforms) = preSolution
		Debug|Any CPU = Debug|Any CPU
		Release|Any CPU = Release|Any CPU
	EndGlobalSection
	GlobalSection(ProjectConfigurationPlatforms) = postSolution
		{A41054DB-26B1-4081-87DC-5386C2CF70F9}.Debug|Any CPU.ActiveCfg = Debug|Any CPU
		{A41054DB-26B1-4081-87DC-5386C2CF70F9}.Debug|Any CPU.Build.0 = Debug|Any CPU
		{A41054DB-26B1-4081-87DC-5386C2CF70F9}.Release|Any CPU.ActiveCfg = Release|Any CPU
		{A41054DB-26B1-4081-87DC-5386C2CF70F9}.Release|Any CPU.Build.0 = Release|Any CPU
	EndGlobalSection
	GlobalSection(SolutionProperties) = preSolution
		HideSolutionNode = FALSE
	EndGlobalSection
	GlobalSection(ExtensibilityGlobals) = postSolution
		SolutionGuid = {99A56EB1-F6F6-47DF-B888-252C52066DFA}
	EndGlobalSection
EndGlobal
