
Microsoft Visual Studio Solution File, Format Version 12.00
# Visual Studio 15
VisualStudioVersion = 15.0.28307.421
MinimumVisualStudioVersion = 10.0.40219.1
Project("{FAE04EC0-301F-11D3-BF4B-00C04F79EFBC}") = "Heroes.Api", "Heroes.Api\Heroes.Api.csproj", "{A5222A42-1A23-45D0-A4CE-DC2746943823}"
EndProject
Global
	GlobalSection(SolutionConfigurationPlatforms) = preSolution
		Debug|Any CPU = Debug|Any CPU
		Release|Any CPU = Release|Any CPU
	EndGlobalSection
	GlobalSection(ProjectConfigurationPlatforms) = postSolution
		{A5222A42-1A23-45D0-A4CE-DC2746943823}.Debug|Any CPU.ActiveCfg = Debug|Any CPU
		{A5222A42-1A23-45D0-A4CE-DC2746943823}.Debug|Any CPU.Build.0 = Debug|Any CPU
		{A5222A42-1A23-45D0-A4CE-DC2746943823}.Release|Any CPU.ActiveCfg = Release|Any CPU
		{A5222A42-1A23-45D0-A4CE-DC2746943823}.Release|Any CPU.Build.0 = Release|Any CPU
	EndGlobalSection
	GlobalSection(SolutionProperties) = preSolution
		HideSolutionNode = FALSE
	EndGlobalSection
	GlobalSection(ExtensibilityGlobals) = postSolution
		SolutionGuid = {21F26B45-FB9B-4DBE-BAA1-FC1E9F6C7D82}
	EndGlobalSection
EndGlobal
